{
  "name": "strmat1",
  "version": "1.0.0",
  "lockfileVersion": 1,
  "requires": true,
  "dependencies": {
    "strmat": {
      "version": "1.0.0",
      "resolved": "https://registry.npmjs.org/strmat/-/strmat-1.0.0.tgz",
      "integrity": "sha512-UnK3h1rFmESuQhu/Uca1EqDZxt1rS5fCTR44xBW67JtsEDbQlLbHY5D9ETVhc84WgeLztr1MlI4MFKX9Hp1WcA=="
    },
    "yarn": {
      "version": "1.16.0",
      "resolved": "https://registry.npmjs.org/yarn/-/yarn-1.16.0.tgz",
      "integrity": "sha512-cfemyGlnWKA1zopUUgebTPf8C4WkPIZ+TJmklwcEAJ4u6oWPtJeAzrsamaGGh/+b1XWe8W51yzAImC4AWbWR1g=="
    }
  }
}
